Microsoft Visual Studio Solution File, Format Version 12.00
# Visual Studio Version 17
VisualStudioVersion = 17.5.2.0
MinimumVisualStudioVersion = 10.0.40219.1
Project("{2150E333-8FDC-42A3-9474-1A3956D46DE8}") = "embeddings", "embeddings", "{26E1D191-842D-811B-D2E8-1C1F4CD78544}"
EndProject
Project("{FAE04EC0-301F-11D3-BF4B-00C04F79EFBC}") = "EmbeddingGenerator", "embeddings\EmbeddingGenerator\EmbeddingGenerator.csproj", "{546162F4-A1B9-C508-1E72-592B83964404}"
EndProject
Global
	GlobalSection(SolutionConfigurationPlatforms) = preSolution
		Debug|Any CPU = Debug|Any CPU
		Release|Any CPU = Release|Any CPU
	EndGlobalSection
	GlobalSection(ProjectConfigurationPlatforms) = postSolution
		{546162F4-A1B9-C508-1E72-592B83964404}.Debug|Any CPU.ActiveCfg = Debug|Any CPU
		{546162F4-A1B9-C508-1E72-592B83964404}.Debug|Any CPU.Build.0 = Debug|Any CPU
		{546162F4-A1B9-C508-1E72-592B83964404}.Release|Any CPU.ActiveCfg = Release|Any CPU
		{546162F4-A1B9-C508-1E72-592B83964404}.Release|Any CPU.Build.0 = Release|Any CPU
	EndGlobalSection
	GlobalSection(SolutionProperties) = preSolution
		HideSolutionNode = FALSE
	EndGlobalSection
	GlobalSection(NestedProjects) = preSolution
		{546162F4-A1B9-C508-1E72-592B83964404} = {26E1D191-842D-811B-D2E8-1C1F4CD78544}
	EndGlobalSection
	GlobalSection(ExtensibilityGlobals) = postSolution
		SolutionGuid = {4069122B-FCB8-4D63-9D2A-FE381A31664B}
	EndGlobalSection
EndGlobal
